// !$*UTF8*$!
{
	archiveVersion = 1;
	classes = {
	};
	objectVersion = 46;
	objects = {

/* Begin PBXBuildFile section */
		5FBB371D1E84825B001E416E /* AppDelegate.swift in Sources */ = {isa = PBXBuildFile; fileRef = 5FBB371C1E84825B001E416E /* AppDelegate.swift */; };
		5FBB37221E84825B001E416E /* Main.storyboard in Resources */ = {isa = PBXBuildFile; fileRef = 5FBB37201E84825B001E416E /* Main.storyboard */; };
		5FBB37241E84825B001E416E /* Assets.xcassets in Resources */ = {isa = PBXBuildFile; fileRef = 5FBB37231E84825B001E416E /* Assets.xcassets */; };
		5FBB37271E84825B001E416E /* LaunchScreen.storyboard in Resources */ = {isa = PBXBuildFile; fileRef = 5FBB37251E84825B001E416E /* LaunchScreen.storyboard */; };
		5FBB372F1E848421001E416E /* CanvasViewController.swift in Sources */ = {isa = PBXBuildFile; fileRef = 5FBB372E1E848421001E416E /* CanvasViewController.swift */; };
/* End PBXBuildFile section */

/* Begin PBXFileReference section */
		5FBB37191E84825B001E416E /* CanvasApp.app */ = {isa = PBXFileReference; explicitFileType = wrapper.application; includeInIndex = 0; path = CanvasApp.app; sourceTree = BUILT_PRODUCTS_DIR; };
		5FBB371C1E84825B001E416E /* AppDelegate.swift */ = {isa = PBXFileReference; lastKnownFileType = sourcecode.swift; path = AppDelegate.swift; sourceTree = "<group>"; };
		5FBB37211E84825B001E416E /* Base */ = {isa = PBXFileReference; lastKnownFileType = file.storyboard; name = Base; path = Base.lproj/Main.storyboard; sourceTree = "<group>"; };
		5FBB37231E84825B001E416E /* Assets.xcassets */ = {isa = PBXFileReference; lastKnownFileType = folder.assetcatalog; path = Assets.xcassets; sourceTree = "<group>"; };
		5FBB37261E84825B001E416E /* Base */ = {isa = PBXFileReference; lastKnownFileType = file.storyboard; name = Base; path = Base.lproj/LaunchScreen.storyboard; sourceTree = "<group>"; };
		5FBB37281E84825B001E416E /* Info.plist */ = {isa = PBXFileReference; lastKnownFileType = text.plist.xml; path = Info.plist; sourceTree = "<group>"; };
		5FBB372E1E848421001E416E /* CanvasViewController.swift */ = {isa = PBXFileReference; fileEncoding = 4; lastKnownFileType = sourcecode.swift; path = CanvasViewController.swift; sourceTree = "<group>"; };
/* End PBXFileReference section */

/* Begin PBXFrameworksBuildPhase section */
		5FBB37161E84825B001E416E /* Frameworks */ = {
			isa = PBXFrameworksBuildPhase;
			buildActionMask = 2147483647;
			files = (
			);
			runOnlyForDeploymentPostprocessing = 0;
		};
/* End PBXFrameworksBuildPhase section */

/* Begin PBXGroup section */
		5FBB37101E84825B001E416E = {
			isa = PBXGroup;
			children = (
				5FBB371B1E84825B001E416E /* CanvasApp */,
				5FBB371A1E84825B001E416E /* Products */,
			);
			sourceTree = "<group>";
		};
		5FBB371A1E84825B001E416E /* Products */ = {
			isa = PBXGroup;
			children = (
				5FBB37191E84825B001E416E /* CanvasApp.app */,
			);
			name = Products;
			sourceTree = "<group>";
		};
		5FBB371B1E84825B001E416E /* CanvasApp */ = {
			isa = PBXGroup;
			children = (
				5FBB371C1E84825B001E416E /* AppDelegate.swift */,
				5FBB372E1E848421001E416E /* CanvasViewController.swift */,
				5FBB37201E84825B001E416E /* Main.storyboard */,
				5FBB37231E84825B001E416E /* Assets.xcassets */,
				5FBB37251E84825B001E416E /* LaunchScreen.storyboard */,
				5FBB37281E84825B001E416E /* Info.plist */,
			);
			path = CanvasApp;
			sourceTree = "<group>";
		};
/* End PBXGroup section */

/* Begin PBXNativeTarget section */
		5FBB37181E84825B001E416E /* CanvasApp */ = {
			isa = PBXNativeTarget;
			buildConfigurationList = 5FBB372B1E84825B001E416E /* Build configuration list for PBXNativeTarget "CanvasApp" */;
			buildPhases = (
				5FBB37151E84825B001E416E /* Sources */,
				5FBB37161E84825B001E416E /* Frameworks */,
				5FBB37171E84825B001E416E /* Resources */,
			);
			buildRules = (
			);
			dependencies = (
			);
			name = CanvasApp;
			productName = CanvasApp;
			productReference = 5FBB37191E84825B001E416E /* CanvasApp.app */;
			productType = "com.apple.product-type.application";
		};
/* End PBXNativeTarget section */

/* Begin PBXProject section */
		5FBB37111E84825B001E416E /* Project object */ = {
			isa = PBXProject;
			attributes = {
				LastSwiftUpdateCheck = 0820;
				LastUpgradeCheck = 0820;
				ORGANIZATIONNAME = "Fiona Thompson";
				TargetAttributes = {
					5FBB37181E84825B001E416E = {
						CreatedOnToolsVersion = 8.2;
						DevelopmentTeam = 62P67T8LU2;
						ProvisioningStyle = Automatic;
					};
				};
			};
			buildConfigurationList = 5FBB37141E84825B001E416E /* Build configuration list for PBXProject "CanvasApp" */;
			compatibilityVersion = "Xcode 3.2";
			developmentRegion = English;
			hasScannedForEncodings = 0;
			knownRegions = (
				en,
				Base,
			);
			mainGroup = 5FBB37101E84825B001E416E;
			productRefGroup = 5FBB371A1E84825B001E416E /* Products */;
			projectDirPath = "";
			projectRoot = "";
			targets = (
				5FBB37181E84825B001E416E /* CanvasApp */,
			);
		};
/* End PBXProject section */

/* Begin PBXResourcesBuildPhase section */
		5FBB37171E84825B001E416E /* Resources */ = {
			isa = PBXResourcesBuildPhase;
			buildActionMask = 2147483647;
			files = (
				5FBB37271E84825B001E416E /* LaunchScreen.storyboard in Resources */,
				5FBB37241E84825B001E416E /* Assets.xcassets in Resources */,
				5FBB37221E84825B001E416E /* Main.storyboard in Resources */,
			);
			runOnlyForDeploymentPostprocessing = 0;
		};
/* End PBXResourcesBuildPhase section */

/* Begin PBXSourcesBuildPhase section */
		5FBB37151E84825B001E416E /* Sources */ = {
			isa = PBXSourcesBuildPhase;
			buildActionMask = 2147483647;
			files = (
				5FBB372F1E848421001E416E /* CanvasViewController.swift in Sources */,
				5FBB371D1E84825B001E416E /* AppDelegate.swift in Sources */,
			);
			runOnlyForDeploymentPostprocessing = 0;
		};
/* End PBXSourcesBuildPhase section */

/* Begin PBXVariantGroup section */
		5FBB37201E84825B001E416E /* Main.storyboard */ = {
			isa = PBXVariantGroup;
			children = (
				5FBB37211E84825B001E416E /* Base */,
			);
			name = Main.storyboard;
			sourceTree = "<group>";
		};
		5FBB37251E84825B001E416E /* LaunchScreen.storyboard */ = {
			isa = PBXVariantGroup;
			children = (
				5FBB37261E84825B001E416E /* Base */,
			);
			name = LaunchScreen.storyboard;
			sourceTree = "<group>";
		};
/* End PBXVariantGroup section */

/* Begin XCBuildConfiguration section */
		5FBB37291E84825B001E416E /* Debug */ = {
			isa = XCBuildConfiguration;
			buildSettings = {
				ALWAYS_SEARCH_USER_PATHS = NO;
				CLANG_ANALYZER_NONNULL = YES;
				CLANG_CXX_LANGUAGE_STANDARD = "gnu++0x";
				CLANG_CXX_LIBRARY = "libc++";
				CLANG_ENABLE_MODULES = YES;
				CLANG_ENABLE_OBJC_ARC = YES;
				CLANG_WARN_BOOL_CONVERSION = YES;
				CLANG_WARN_CONSTANT_CONVERSION = YES;
				CLANG_WARN_DIRECT_OBJC_ISA_USAGE = YES_ERROR;
				CLANG_WARN_DOCUMENTATION_COMMENTS = YES;
				CLANG_WARN_EMPTY_BODY = YES;
				CLANG_WARN_ENUM_CONVERSION = YES;
				CLANG_WARN_INFINITE_RECURSION = YES;
				CLANG_WARN_INT_CONVERSION = YES;
				CLANG_WARN_OBJC_ROOT_CLASS = YES_ERROR;
				CLANG_WARN_SUSPICIOUS_MOVE = YES;
				CLANG_WARN_UNREACHABLE_CODE = YES;
				CLANG_WARN__DUPLICATE_METHOD_MATCH = YES;
				"CODE_SIGN_IDENTITY[sdk=iphoneos*]" = "iPhone Developer";
				COPY_PHASE_STRIP = NO;
				DEBUG_INFORMATION_FORMAT = dwarf;
				ENABLE_STRICT_OBJC_MSGSEND = YES;
				ENABLE_TESTABILITY = YES;
				GCC_C_LANGUAGE_STANDARD = gnu99;
				GCC_DYNAMIC_NO_PIC = NO;
				GCC_NO_COMMON_BLOCKS = YES;
				GCC_OPTIMIZATION_LEVEL = 0;
				GCC_PREPROCESSOR_DEFINITIONS = (
					"DEBUG=1",
					"$(inherited)",
				);
				GCC_WARN_64_TO_32_BIT_CONVERSION = YES;
				GCC_WARN_ABOUT_RETURN_TYPE = YES_ERROR;
				GCC_WARN_UNDECLARED_SELECTOR = YES;
				GCC_WARN_UNINITIALIZED_AUTOS = YES_AGGRESSIVE;
				GCC_WARN_UNUSED_FUNCTION = YES;
				GCC_WARN_UNUSED_VARIABLE = YES;
				IPHONEOS_DEPLOYMENT_TARGET = 10.2;
				MTL_ENABLE_DEBUG_INFO = YES;
				ONLY_ACTIVE_ARCH = YES;
				SDKROOT = iphoneos;
				SWIFT_ACTIVE_COMPILATION_CONDITIONS = DEBUG;
				SWIFT_OPTIMIZATION_LEVEL = "-Onone";
			};
			name = Debug;
		};
		5FBB372A1E84825B001E416E /* Release */ = {
			isa = XCBuildConfiguration;
			buildSettings = {
				ALWAYS_SEARCH_USER_PATHS = NO;
				CLANG_ANALYZER_NONNULL = YES;
				CLANG_CXX_LANGUAGE_STANDARD = "gnu++0x";
				CLANG_CXX_LIBRARY = "libc++";
				CLANG_ENABLE_MODULES = YES;
				CLANG_ENABLE_OBJC_ARC = YES;
				CLANG_WARN_BOOL_CONVERSION = YES;
				CLANG_WARN_CONSTANT_CONVERSION = YES;
				CLANG_WARN_DIRECT_OBJC_ISA_USAGE = YES_ERROR;
				CLANG_WARN_DOCUMENTATION_COMMENTS = YES;
				CLANG_WARN_EMPTY_BODY = YES;
				CLANG_WARN_ENUM_CONVERSION = YES;
				CLANG_WARN_INFINITE_RECURSION = YES;
				CLANG_WARN_INT_CONVERSION = YES;
				CLANG_WARN_OBJC_ROOT_CLASS = YES_ERROR;
				CLANG_WARN_SUSPICIOUS_MOVE = YES;
				CLANG_WARN_UNREACHABLE_CODE = YES;
				CLANG_WARN__DUPLICATE_METHOD_MATCH = YES;
				"CODE_SIGN_IDENTITY[sdk=iphoneos*]" = "iPhone Developer";
				COPY_PHASE_STRIP = NO;
				DEBUG_INFORMATION_FORMAT = "dwarf-with-dsym";
				ENABLE_NS_ASSERTIONS = NO;
				ENABLE_STRICT_OBJC_MSGSEND = YES;
				GCC_C_LANGUAGE_STANDARD = gnu99;
				GCC_NO_COMMON_BLOCKS = YES;
				GCC_WARN_64_TO_32_BIT_CONVERSION = YES;
				GCC_WARN_ABOUT_RETURN_TYPE = YES_ERROR;
				GCC_WARN_UNDECLARED_SELECTOR = YES;
				GCC_WARN_UNINITIALIZED_AUTOS = YES_AGGRESSIVE;
				GCC_WARN_UNUSED_FUNCTION = YES;
				GCC_WARN_UNUSED_VARIABLE = YES;
				IPHONEOS_DEPLOYMENT_TARGET = 10.2;
				MTL_ENABLE_DEBUG_INFO = NO;
				SDKROOT = iphoneos;
				SWIFT_OPTIMIZATION_LEVEL = "-Owholemodule";
				VALIDATE_PRODUCT = YES;
			};
			name = Release;
		};
		5FBB372C1E84825B001E416E /* Debug */ = {
			isa = XCBuildConfiguration;
			buildSettings = {
				ASSETCATALOG_COMPILER_APPICON_NAME = AppIcon;
				DEVELOPMENT_TEAM = 62P67T8LU2;
				INFOPLIST_FILE = CanvasApp/Info.plist;
				LD_RUNPATH_SEARCH_PATHS = "$(inherited) @executable_path/Frameworks";
				PRODUCT_BUNDLE_IDENTIFIER = com.fionathompson.CanvasApp;
				PRODUCT_NAME = "$(TARGET_NAME)";
				SWIFT_VERSION = 3.0;
			};
			name = Debug;
		};
		5FBB372D1E84825B001E416E /* Release */ = {
			isa = XCBuildConfiguration;
			buildSettings = {
				ASSETCATALOG_COMPILER_APPICON_NAME = AppIcon;
				DEVELOPMENT_TEAM = 62P67T8LU2;
				INFOPLIST_FILE = CanvasApp/Info.plist;
				LD_RUNPATH_SEARCH_PATHS = "$(inherited) @executable_path/Frameworks";
				PRODUCT_BUNDLE_IDENTIFIER = com.fionathompson.CanvasApp;
				PRODUCT_NAME = "$(TARGET_NAME)";
				SWIFT_VERSION = 3.0;
			};
			name = Release;
		};
/* End XCBuildConfiguration section */

/* Begin XCConfigurationList section */
		5FBB37141E84825B001E416E /* Build configuration list for PBXProject "CanvasApp" */ = {
			isa = XCConfigurationList;
			buildConfigurations = (
				5FBB37291E84825B001E416E /* Debug */,
				5FBB372A1E84825B001E416E /* Release */,
			);
			defaultConfigurationIsVisible = 0;
			defaultConfigurationName = Release;
		};
		5FBB372B1E84825B001E416E /* Build configuration list for PBXNativeTarget "CanvasApp" */ = {
			isa = XCConfigurationList;
			buildConfigurations = (
				5FBB372C1E84825B001E416E /* Debug */,
				5FBB372D1E84825B001E416E /* Release */,
			);
			defaultConfigurationIsVisible = 0;
		};
/* End XCConfigurationList section */
	};
	rootObject = 5FBB37111E84825B001E416E /* Project object */;
}
